
Microsoft Visual Studio Solution File, Format Version 12.00
# Visual Studio Version 17
VisualStudioVersion = 17.3.32929.385
MinimumVisualStudioVersion = 10.0.40219.1
Project("{2150E333-8FDC-42A3-9474-1A3956D46DE8}") = "Order", "Order", "{245A60C2-2567-498C-82EE-4D5A9707DAE7}"
EndProject
Project("{2150E333-8FDC-42A3-9474-1A3956D46DE8}") = "Product", "Product", "{75F91C74-DEAC-4D11-8385-9F26D6D49391}"
EndProject
Project("{2150E333-8FDC-42A3-9474-1A3956D46DE8}") = "src", "src", "{DB2DC15F-B0A9-4B35-960B-07D1D57059D8}"
EndProject
Project("{2150E333-8FDC-42A3-9474-1A3956D46DE8}") = "src", "src", "{D8D8CBD5-7606-4555-9C5C-A9AD4BD244E4}"
EndProject
Project("{2150E333-8FDC-42A3-9474-1A3956D46DE8}") = "tests", "tests", "{725AB746-B29A-4B3B-BA96-B77516A34775}"
EndProject
Project("{2150E333-8FDC-42A3-9474-1A3956D46DE8}") = "tests", "tests", "{F5E9C94C-2BE3-42FF-891C-B857D16897DC}"
EndProject
Project("{FAE04EC0-301F-11D3-BF4B-00C04F79EFBC}") = "Test.Ms.Http.Order.Apii", "Test.Ms.Http.Order.Apii\Test.Ms.Http.Order.Apii.csproj", "{BC867FD0-6543-425F-A781-749DA5E1A540}"
EndProject
Project("{FAE04EC0-301F-11D3-BF4B-00C04F79EFBC}") = "Test.Ms.Http.Product.Apii", "Test.Ms.Http.Product.Apii\Test.Ms.Http.Product.Apii.csproj", "{1FCC530B-E4F6-453D-A0CE-669A56D903B7}"
EndProject
Project("{FAE04EC0-301F-11D3-BF4B-00C04F79EFBC}") = "Test.Ms.Http.Order.Domain", "Test.Ms.Http.Order.Domain\Test.Ms.Http.Order.Domain.csproj", "{5D9C6763-E166-4F0C-8731-D27323EE2465}"
EndProject
Project("{FAE04EC0-301F-11D3-BF4B-00C04F79EFBC}") = "Test.Ms.Http.Order.Infrastructure", "Test.Ms.Http.Order.Infrastructure\Test.Ms.Http.Order.Infrastructure.csproj", "{E6BF2CA0-291F-4E49-8615-644AD30DDA24}"
EndProject
Project("{FAE04EC0-301F-11D3-BF4B-00C04F79EFBC}") = "Test.Ms.Http.Application", "Test.Ms.Http.Application\Test.Ms.Http.Application.csproj", "{0AF62894-BC7D-4283-9FCA-416AAFC5CE22}"
EndProject
Project("{FAE04EC0-301F-11D3-BF4B-00C04F79EFBC}") = "Test.Ms.Http.Product.Application", "Test.Ms.Http.Product.Application\Test.Ms.Http.Product.Application.csproj", "{F0D612D5-D309-48EC-A6D4-5EE197F3B708}"
EndProject
Project("{FAE04EC0-301F-11D3-BF4B-00C04F79EFBC}") = "Test.Ms.Http.Product.Domain", "Test.Ms.Http.Product.Domain\Test.Ms.Http.Product.Domain.csproj", "{E8E42D19-634A-4E36-B1A2-663BA8AE0661}"
EndProject
Project("{FAE04EC0-301F-11D3-BF4B-00C04F79EFBC}") = "Test.Ms.Http.Product.Infrastructure", "Test.Ms.Http.Product.Infrastructure\Test.Ms.Http.Product.Infrastructure.csproj", "{30443746-8668-4A77-9AB1-81687860E91C}"
EndProject
Global
	GlobalSection(SolutionConfigurationPlatforms) = preSolution
		Debug|Any CPU = Debug|Any CPU
		Release|Any CPU = Release|Any CPU
	EndGlobalSection
	GlobalSection(ProjectConfigurationPlatforms) = postSolution
		{BC867FD0-6543-425F-A781-749DA5E1A540}.Debug|Any CPU.ActiveCfg = Debug|Any CPU
		{BC867FD0-6543-425F-A781-749DA5E1A540}.Debug|Any CPU.Build.0 = Debug|Any CPU
		{BC867FD0-6543-425F-A781-749DA5E1A540}.Release|Any CPU.ActiveCfg = Release|Any CPU
		{BC867FD0-6543-425F-A781-749DA5E1A540}.Release|Any CPU.Build.0 = Release|Any CPU
		{1FCC530B-E4F6-453D-A0CE-669A56D903B7}.Debug|Any CPU.ActiveCfg = Debug|Any CPU
		{1FCC530B-E4F6-453D-A0CE-669A56D903B7}.Debug|Any CPU.Build.0 = Debug|Any CPU
		{1FCC530B-E4F6-453D-A0CE-669A56D903B7}.Release|Any CPU.ActiveCfg = Release|Any CPU
		{1FCC530B-E4F6-453D-A0CE-669A56D903B7}.Release|Any CPU.Build.0 = Release|Any CPU
		{5D9C6763-E166-4F0C-8731-D27323EE2465}.Debug|Any CPU.ActiveCfg = Debug|Any CPU
		{5D9C6763-E166-4F0C-8731-D27323EE2465}.Debug|Any CPU.Build.0 = Debug|Any CPU
		{5D9C6763-E166-4F0C-8731-D27323EE2465}.Release|Any CPU.ActiveCfg = Release|Any CPU
		{5D9C6763-E166-4F0C-8731-D27323EE2465}.Release|Any CPU.Build.0 = Release|Any CPU
		{E6BF2CA0-291F-4E49-8615-644AD30DDA24}.Debug|Any CPU.ActiveCfg = Debug|Any CPU
		{E6BF2CA0-291F-4E49-8615-644AD30DDA24}.Debug|Any CPU.Build.0 = Debug|Any CPU
		{E6BF2CA0-291F-4E49-8615-644AD30DDA24}.Release|Any CPU.ActiveCfg = Release|Any CPU
		{E6BF2CA0-291F-4E49-8615-644AD30DDA24}.Release|Any CPU.Build.0 = Release|Any CPU
		{0AF62894-BC7D-4283-9FCA-416AAFC5CE22}.Debug|Any CPU.ActiveCfg = Debug|Any CPU
		{0AF62894-BC7D-4283-9FCA-416AAFC5CE22}.Debug|Any CPU.Build.0 = Debug|Any CPU
		{0AF62894-BC7D-4283-9FCA-416AAFC5CE22}.Release|Any CPU.ActiveCfg = Release|Any CPU
		{0AF62894-BC7D-4283-9FCA-416AAFC5CE22}.Release|Any CPU.Build.0 = Release|Any CPU
		{F0D612D5-D309-48EC-A6D4-5EE197F3B708}.Debug|Any CPU.ActiveCfg = Debug|Any CPU
		{F0D612D5-D309-48EC-A6D4-5EE197F3B708}.Debug|Any CPU.Build.0 = Debug|Any CPU
		{F0D612D5-D309-48EC-A6D4-5EE197F3B708}.Release|Any CPU.ActiveCfg = Release|Any CPU
		{F0D612D5-D309-48EC-A6D4-5EE197F3B708}.Release|Any CPU.Build.0 = Release|Any CPU
		{E8E42D19-634A-4E36-B1A2-663BA8AE0661}.Debug|Any CPU.ActiveCfg = Debug|Any CPU
		{E8E42D19-634A-4E36-B1A2-663BA8AE0661}.Debug|Any CPU.Build.0 = Debug|Any CPU
		{E8E42D19-634A-4E36-B1A2-663BA8AE0661}.Release|Any CPU.ActiveCfg = Release|Any CPU
		{E8E42D19-634A-4E36-B1A2-663BA8AE0661}.Release|Any CPU.Build.0 = Release|Any CPU
		{30443746-8668-4A77-9AB1-81687860E91C}.Debug|Any CPU.ActiveCfg = Debug|Any CPU
		{30443746-8668-4A77-9AB1-81687860E91C}.Debug|Any CPU.Build.0 = Debug|Any CPU
		{30443746-8668-4A77-9AB1-81687860E91C}.Release|Any CPU.ActiveCfg = Release|Any CPU
		{30443746-8668-4A77-9AB1-81687860E91C}.Release|Any CPU.Build.0 = Release|Any CPU
	EndGlobalSection
	GlobalSection(SolutionProperties) = preSolution
		HideSolutionNode = FALSE
	EndGlobalSection
	GlobalSection(NestedProjects) = preSolution
		{DB2DC15F-B0A9-4B35-960B-07D1D57059D8} = {75F91C74-DEAC-4D11-8385-9F26D6D49391}
		{D8D8CBD5-7606-4555-9C5C-A9AD4BD244E4} = {245A60C2-2567-498C-82EE-4D5A9707DAE7}
		{725AB746-B29A-4B3B-BA96-B77516A34775} = {245A60C2-2567-498C-82EE-4D5A9707DAE7}
		{F5E9C94C-2BE3-42FF-891C-B857D16897DC} = {75F91C74-DEAC-4D11-8385-9F26D6D49391}
		{BC867FD0-6543-425F-A781-749DA5E1A540} = {D8D8CBD5-7606-4555-9C5C-A9AD4BD244E4}
		{1FCC530B-E4F6-453D-A0CE-669A56D903B7} = {DB2DC15F-B0A9-4B35-960B-07D1D57059D8}
		{5D9C6763-E166-4F0C-8731-D27323EE2465} = {D8D8CBD5-7606-4555-9C5C-A9AD4BD244E4}
		{E6BF2CA0-291F-4E49-8615-644AD30DDA24} = {D8D8CBD5-7606-4555-9C5C-A9AD4BD244E4}
		{0AF62894-BC7D-4283-9FCA-416AAFC5CE22} = {D8D8CBD5-7606-4555-9C5C-A9AD4BD244E4}
		{F0D612D5-D309-48EC-A6D4-5EE197F3B708} = {DB2DC15F-B0A9-4B35-960B-07D1D57059D8}
		{E8E42D19-634A-4E36-B1A2-663BA8AE0661} = {DB2DC15F-B0A9-4B35-960B-07D1D57059D8}
		{30443746-8668-4A77-9AB1-81687860E91C} = {DB2DC15F-B0A9-4B35-960B-07D1D57059D8}
	EndGlobalSection
	GlobalSection(ExtensibilityGlobals) = postSolution
		SolutionGuid = {8403F294-B145-43A9-8DCC-CC6D4A9C4797}
	EndGlobalSection
EndGlobal
